
Microsoft Visual Studio Solution File, Format Version 12.00
# Visual Studio Version 17
VisualStudioVersion = 17.14.36310.24
MinimumVisualStudioVersion = 10.0.40219.1
Project("{FAE04EC0-301F-11D3-BF4B-00C04F79EFBC}") = "TwinsFashion", "TwinsFashion\TwinsFashion.csproj", "{383E3E5E-04D6-44A2-A519-B315E2E88E33}"
EndProject
Project("{FAE04EC0-301F-11D3-BF4B-00C04F79EFBC}") = "Data", "Data\Data.csproj", "{88A014FB-D9F7-47C4-BD1A-26BC6B24D6FE}"
EndProject
Project("{FAE04EC0-301F-11D3-BF4B-00C04F79EFBC}") = "Domain", "Domain\Domain.csproj", "{0E0E4320-A41B-4645-9C63-E49668D6FFE0}"
EndProject
Global
	GlobalSection(SolutionConfigurationPlatforms) = preSolution
		Debug|Any CPU = Debug|Any CPU
		Release|Any CPU = Release|Any CPU
	EndGlobalSection
	GlobalSection(ProjectConfigurationPlatforms) = postSolution
		{383E3E5E-04D6-44A2-A519-B315E2E88E33}.Debug|Any CPU.ActiveCfg = Debug|Any CPU
		{383E3E5E-04D6-44A2-A519-B315E2E88E33}.Debug|Any CPU.Build.0 = Debug|Any CPU
		{383E3E5E-04D6-44A2-A519-B315E2E88E33}.Release|Any CPU.ActiveCfg = Release|Any CPU
		{383E3E5E-04D6-44A2-A519-B315E2E88E33}.Release|Any CPU.Build.0 = Release|Any CPU
		{88A014FB-D9F7-47C4-BD1A-26BC6B24D6FE}.Debug|Any CPU.ActiveCfg = Debug|Any CPU
		{88A014FB-D9F7-47C4-BD1A-26BC6B24D6FE}.Debug|Any CPU.Build.0 = Debug|Any CPU
		{88A014FB-D9F7-47C4-BD1A-26BC6B24D6FE}.Release|Any CPU.ActiveCfg = Release|Any CPU
		{88A014FB-D9F7-47C4-BD1A-26BC6B24D6FE}.Release|Any CPU.Build.0 = Release|Any CPU
		{0E0E4320-A41B-4645-9C63-E49668D6FFE0}.Debug|Any CPU.ActiveCfg = Debug|Any CPU
		{0E0E4320-A41B-4645-9C63-E49668D6FFE0}.Debug|Any CPU.Build.0 = Debug|Any CPU
		{0E0E4320-A41B-4645-9C63-E49668D6FFE0}.Release|Any CPU.ActiveCfg = Release|Any CPU
		{0E0E4320-A41B-4645-9C63-E49668D6FFE0}.Release|Any CPU.Build.0 = Release|Any CPU
	EndGlobalSection
	GlobalSection(SolutionProperties) = preSolution
		HideSolutionNode = FALSE
	EndGlobalSection
	GlobalSection(ExtensibilityGlobals) = postSolution
		SolutionGuid = {7B704997-A9CA-4BBD-9474-DFC4A14A02E9}
	EndGlobalSection
EndGlobal
